
Microsoft Visual Studio Solution File, Format Version 12.00
# Visual Studio Version 17
VisualStudioVersion = 17.0.31903.59
MinimumVisualStudioVersion = 10.0.40219.1
Project("{FAE04EC0-301F-11D3-BF4B-00C04F79EFBC}") = "TiendaOnline.Core", "TiendaOnline.Core\TiendaOnline.Core.csproj", "{CF2C1CEB-F9B2-4F7D-9CC5-E4EE019AD61C}"
EndProject
Project("{FAE04EC0-301F-11D3-BF4B-00C04F79EFBC}") = "TiendaOnline.Dapper", "TiendaOnline.Dapper\TiendaOnline.Dapper.csproj", "{3A60B22B-62F0-47D6-8A21-FC91BB3117C4}"
EndProject
Project("{FAE04EC0-301F-11D3-BF4B-00C04F79EFBC}") = "TiendaOnline.Test", "TiendaOnline.Test\TiendaOnline.Test.csproj", "{29D00F00-E4F8-47D1-A6E5-90E158E5E572}"
EndProject
Global
	GlobalSection(SolutionConfigurationPlatforms) = preSolution
		Debug|Any CPU = Debug|Any CPU
		Release|Any CPU = Release|Any CPU
	EndGlobalSection
	GlobalSection(SolutionProperties) = preSolution
		HideSolutionNode = FALSE
	EndGlobalSection
	GlobalSection(ProjectConfigurationPlatforms) = postSolution
		{CF2C1CEB-F9B2-4F7D-9CC5-E4EE019AD61C}.Debug|Any CPU.ActiveCfg = Debug|Any CPU
		{CF2C1CEB-F9B2-4F7D-9CC5-E4EE019AD61C}.Debug|Any CPU.Build.0 = Debug|Any CPU
		{CF2C1CEB-F9B2-4F7D-9CC5-E4EE019AD61C}.Release|Any CPU.ActiveCfg = Release|Any CPU
		{CF2C1CEB-F9B2-4F7D-9CC5-E4EE019AD61C}.Release|Any CPU.Build.0 = Release|Any CPU
		{3A60B22B-62F0-47D6-8A21-FC91BB3117C4}.Debug|Any CPU.ActiveCfg = Debug|Any CPU
		{3A60B22B-62F0-47D6-8A21-FC91BB3117C4}.Debug|Any CPU.Build.0 = Debug|Any CPU
		{3A60B22B-62F0-47D6-8A21-FC91BB3117C4}.Release|Any CPU.ActiveCfg = Release|Any CPU
		{3A60B22B-62F0-47D6-8A21-FC91BB3117C4}.Release|Any CPU.Build.0 = Release|Any CPU
		{29D00F00-E4F8-47D1-A6E5-90E158E5E572}.Debug|Any CPU.ActiveCfg = Debug|Any CPU
		{29D00F00-E4F8-47D1-A6E5-90E158E5E572}.Debug|Any CPU.Build.0 = Debug|Any CPU
		{29D00F00-E4F8-47D1-A6E5-90E158E5E572}.Release|Any CPU.ActiveCfg = Release|Any CPU
		{29D00F00-E4F8-47D1-A6E5-90E158E5E572}.Release|Any CPU.Build.0 = Release|Any CPU
	EndGlobalSection
EndGlobal
